
Microsoft Visual Studio Solution File, Format Version 12.00
# Visual Studio Version 16
VisualStudioVersion = 16.0.30503.244
MinimumVisualStudioVersion = 10.0.40219.1
Project("{FAE04EC0-301F-11D3-BF4B-00C04F79EFBC}") = "ProjectKMU", "ProjectKMU.csproj", "{B6BA6F32-9462-4D21-9309-D85368C6AAFB}"
EndProject
Global
	GlobalSection(SolutionConfigurationPlatforms) = preSolution
		Debug|Any CPU = Debug|Any CPU
		Release|Any CPU = Release|Any CPU
	EndGlobalSection
	GlobalSection(ProjectConfigurationPlatforms) = postSolution
		{B6BA6F32-9462-4D21-9309-D85368C6AAFB}.Debug|Any CPU.ActiveCfg = Debug|Any CPU
		{B6BA6F32-9462-4D21-9309-D85368C6AAFB}.Debug|Any CPU.Build.0 = Debug|Any CPU
		{B6BA6F32-9462-4D21-9309-D85368C6AAFB}.Release|Any CPU.ActiveCfg = Release|Any CPU
		{B6BA6F32-9462-4D21-9309-D85368C6AAFB}.Release|Any CPU.Build.0 = Release|Any CPU
	EndGlobalSection
	GlobalSection(SolutionProperties) = preSolution
		HideSolutionNode = FALSE
	EndGlobalSection
	GlobalSection(ExtensibilityGlobals) = postSolution
		SolutionGuid = {59B9CD52-C8B7-499F-95DC-F32AC0FBF75F}
	EndGlobalSection
EndGlobal
